PODS:
  - SnapKit (5.0.1)
  - SVProgressHUD (2.2.5)

DEPENDENCIES:
  - SnapKit
  - SVProgressHUD

SPEC REPOS:
  trunk:
    - SnapKit
    - SVProgressHUD

SPEC CHECKSUMS:
  SnapKit: 97b92857e3df3a0c71833cce143274bf6ef8e5eb
  SVProgressHUD: 1428aafac632c1f86f62aa4243ec12008d7a51d6

PODFILE CHECKSUM: 94c508f6229cfcc2eca1f05e6bd872a8ec4c71a2

COCOAPODS: 1.8.4
